
Microsoft Visual Studio Solution File, Format Version 12.00
# Visual Studio Version 17
VisualStudioVersion = 17.9.34622.214
MinimumVisualStudioVersion = 10.0.40219.1
Project("{9A19103F-16F7-4668-BE54-9A1E7A4F7556}") = "example_1", "example_1\example_1.csproj", "{F2B32D1F-8EFE-476D-B65C-8CE505B51A1E}"
EndProject
Project("{9A19103F-16F7-4668-BE54-9A1E7A4F7556}") = "example_2", "example_2\example_2.csproj", "{123D5317-AE6E-40B2-8DF8-F11DEF3590C1}"
EndProject
Project("{9A19103F-16F7-4668-BE54-9A1E7A4F7556}") = "example_3", "example_3\example_3.csproj", "{F07F0B28-719E-4A7D-B447-4CD1A0D4CB3F}"
EndProject
Project("{9A19103F-16F7-4668-BE54-9A1E7A4F7556}") = "example_4", "example_4\example_4.csproj", "{44AA753D-3B18-4B15-A052-617DF23A8F55}"
EndProject
Project("{9A19103F-16F7-4668-BE54-9A1E7A4F7556}") = "example_5", "example_5\example_5.csproj", "{A415E439-C4DF-41BE-A0B6-8694E50C2C89}"
EndProject
Project("{9A19103F-16F7-4668-BE54-9A1E7A4F7556}") = "example_6", "example_6\example_6.csproj", "{D4284837-A2B6-4113-850B-15B5D0A63C1F}"
EndProject
Project("{9A19103F-16F7-4668-BE54-9A1E7A4F7556}") = "example_7", "example_7\example_7.csproj", "{8D8826E0-9C81-4EDB-B56E-12D3F042DC51}"
EndProject
Project("{9A19103F-16F7-4668-BE54-9A1E7A4F7556}") = "example_8", "example_8\example_8.csproj", "{ABA30598-162D-44EF-B243-6CB544A9B59C}"
EndProject
Project("{FAE04EC0-301F-11D3-BF4B-00C04F79EFBC}") = "ConsoleApp1", "ConsoleApp1\ConsoleApp1.csproj", "{84C8CE24-04DF-48D6-9FF2-42C34EDA7405}"
EndProject
Global
	GlobalSection(SolutionConfigurationPlatforms) = preSolution
		Debug|Any CPU = Debug|Any CPU
		Release|Any CPU = Release|Any CPU
	EndGlobalSection
	GlobalSection(ProjectConfigurationPlatforms) = postSolution
		{F2B32D1F-8EFE-476D-B65C-8CE505B51A1E}.Debug|Any CPU.ActiveCfg = Debug|Any CPU
		{F2B32D1F-8EFE-476D-B65C-8CE505B51A1E}.Debug|Any CPU.Build.0 = Debug|Any CPU
		{F2B32D1F-8EFE-476D-B65C-8CE505B51A1E}.Release|Any CPU.ActiveCfg = Release|Any CPU
		{F2B32D1F-8EFE-476D-B65C-8CE505B51A1E}.Release|Any CPU.Build.0 = Release|Any CPU
		{123D5317-AE6E-40B2-8DF8-F11DEF3590C1}.Debug|Any CPU.ActiveCfg = Debug|Any CPU
		{123D5317-AE6E-40B2-8DF8-F11DEF3590C1}.Debug|Any CPU.Build.0 = Debug|Any CPU
		{123D5317-AE6E-40B2-8DF8-F11DEF3590C1}.Release|Any CPU.ActiveCfg = Release|Any CPU
		{123D5317-AE6E-40B2-8DF8-F11DEF3590C1}.Release|Any CPU.Build.0 = Release|Any CPU
		{F07F0B28-719E-4A7D-B447-4CD1A0D4CB3F}.Debug|Any CPU.ActiveCfg = Debug|Any CPU
		{F07F0B28-719E-4A7D-B447-4CD1A0D4CB3F}.Debug|Any CPU.Build.0 = Debug|Any CPU
		{F07F0B28-719E-4A7D-B447-4CD1A0D4CB3F}.Release|Any CPU.ActiveCfg = Release|Any CPU
		{F07F0B28-719E-4A7D-B447-4CD1A0D4CB3F}.Release|Any CPU.Build.0 = Release|Any CPU
		{44AA753D-3B18-4B15-A052-617DF23A8F55}.Debug|Any CPU.ActiveCfg = Debug|Any CPU
		{44AA753D-3B18-4B15-A052-617DF23A8F55}.Debug|Any CPU.Build.0 = Debug|Any CPU
		{44AA753D-3B18-4B15-A052-617DF23A8F55}.Release|Any CPU.ActiveCfg = Release|Any CPU
		{44AA753D-3B18-4B15-A052-617DF23A8F55}.Release|Any CPU.Build.0 = Release|Any CPU
		{A415E439-C4DF-41BE-A0B6-8694E50C2C89}.Debug|Any CPU.ActiveCfg = Debug|Any CPU
		{A415E439-C4DF-41BE-A0B6-8694E50C2C89}.Debug|Any CPU.Build.0 = Debug|Any CPU
		{A415E439-C4DF-41BE-A0B6-8694E50C2C89}.Release|Any CPU.ActiveCfg = Release|Any CPU
		{A415E439-C4DF-41BE-A0B6-8694E50C2C89}.Release|Any CPU.Build.0 = Release|Any CPU
		{D4284837-A2B6-4113-850B-15B5D0A63C1F}.Debug|Any CPU.ActiveCfg = Debug|Any CPU
		{D4284837-A2B6-4113-850B-15B5D0A63C1F}.Debug|Any CPU.Build.0 = Debug|Any CPU
		{D4284837-A2B6-4113-850B-15B5D0A63C1F}.Release|Any CPU.ActiveCfg = Release|Any CPU
		{D4284837-A2B6-4113-850B-15B5D0A63C1F}.Release|Any CPU.Build.0 = Release|Any CPU
		{8D8826E0-9C81-4EDB-B56E-12D3F042DC51}.Debug|Any CPU.ActiveCfg = Debug|Any CPU
		{8D8826E0-9C81-4EDB-B56E-12D3F042DC51}.Debug|Any CPU.Build.0 = Debug|Any CPU
		{8D8826E0-9C81-4EDB-B56E-12D3F042DC51}.Release|Any CPU.ActiveCfg = Release|Any CPU
		{8D8826E0-9C81-4EDB-B56E-12D3F042DC51}.Release|Any CPU.Build.0 = Release|Any CPU
		{ABA30598-162D-44EF-B243-6CB544A9B59C}.Debug|Any CPU.ActiveCfg = Debug|Any CPU
		{ABA30598-162D-44EF-B243-6CB544A9B59C}.Debug|Any CPU.Build.0 = Debug|Any CPU
		{ABA30598-162D-44EF-B243-6CB544A9B59C}.Release|Any CPU.ActiveCfg = Release|Any CPU
		{ABA30598-162D-44EF-B243-6CB544A9B59C}.Release|Any CPU.Build.0 = Release|Any CPU
		{84C8CE24-04DF-48D6-9FF2-42C34EDA7405}.Debug|Any CPU.ActiveCfg = Debug|Any CPU
		{84C8CE24-04DF-48D6-9FF2-42C34EDA7405}.Debug|Any CPU.Build.0 = Debug|Any CPU
		{84C8CE24-04DF-48D6-9FF2-42C34EDA7405}.Release|Any CPU.ActiveCfg = Release|Any CPU
		{84C8CE24-04DF-48D6-9FF2-42C34EDA7405}.Release|Any CPU.Build.0 = Release|Any CPU
	EndGlobalSection
	GlobalSection(SolutionProperties) = preSolution
		HideSolutionNode = FALSE
	EndGlobalSection
	GlobalSection(ExtensibilityGlobals) = postSolution
		SolutionGuid = {75153124-D838-4E16-85D2-FAADAF60D471}
	EndGlobalSection
EndGlobal
